
Microsoft Visual Studio Solution File, Format Version 12.00
# Visual Studio Version 16
VisualStudioVersion = 25.0.1706.2
MinimumVisualStudioVersion = 10.0.40219.1
Project("{FAE04EC0-301F-11D3-BF4B-00C04F79EFBC}") = "IC_Implementation", "IC_Implementation\IC_Implementation.csproj", "{6183B1EA-11AF-459C-9B3D-3E2E4BC662BE}"
EndProject
Global
	GlobalSection(SolutionConfigurationPlatforms) = preSolution
		Debug|Any CPU = Debug|Any CPU
		Release|Any CPU = Release|Any CPU
	EndGlobalSection
	GlobalSection(ProjectConfigurationPlatforms) = postSolution
		{6183B1EA-11AF-459C-9B3D-3E2E4BC662BE}.Debug|Any CPU.ActiveCfg = Debug|Any CPU
		{6183B1EA-11AF-459C-9B3D-3E2E4BC662BE}.Debug|Any CPU.Build.0 = Debug|Any CPU
		{6183B1EA-11AF-459C-9B3D-3E2E4BC662BE}.Release|Any CPU.ActiveCfg = Release|Any CPU
		{6183B1EA-11AF-459C-9B3D-3E2E4BC662BE}.Release|Any CPU.Build.0 = Release|Any CPU
	EndGlobalSection
	GlobalSection(SolutionProperties) = preSolution
		HideSolutionNode = FALSE
	EndGlobalSection
	GlobalSection(ExtensibilityGlobals) = postSolution
		SolutionGuid = {9F108CD7-B66E-4307-ACA2-9BAFE07AF3DB}
	EndGlobalSection
EndGlobal
